
Microsoft Visual Studio Solution File, Format Version 12.00
# Visual Studio 15
VisualStudioVersion = 15.0.28010.2016
MinimumVisualStudioVersion = 10.0.40219.1
Project("{FAE04EC0-301F-11D3-BF4B-00C04F79EFBC}") = "EksamensProjektDKCarWash", "EksamensProjektDKCarWash\EksamensProjektDKCarWash.csproj", "{5F84DFC8-A174-428A-A367-5DC6BE08265F}"
EndProject
Project("{FAE04EC0-301F-11D3-BF4B-00C04F79EFBC}") = "Application", "Application\Application.csproj", "{A6F3EBA8-D981-4EE1-8A45-E5AFF3B2B44C}"
EndProject
Project("{FAE04EC0-301F-11D3-BF4B-00C04F79EFBC}") = "Domain", "Domain\Domain.csproj", "{21723913-C5AB-4553-95CB-1DCE64A90471}"
EndProject
Global
	GlobalSection(SolutionConfigurationPlatforms) = preSolution
		Debug|Any CPU = Debug|Any CPU
		Release|Any CPU = Release|Any CPU
	EndGlobalSection
	GlobalSection(ProjectConfigurationPlatforms) = postSolution
		{5F84DFC8-A174-428A-A367-5DC6BE08265F}.Debug|Any CPU.ActiveCfg = Debug|Any CPU
		{5F84DFC8-A174-428A-A367-5DC6BE08265F}.Debug|Any CPU.Build.0 = Debug|Any CPU
		{5F84DFC8-A174-428A-A367-5DC6BE08265F}.Release|Any CPU.ActiveCfg = Release|Any CPU
		{5F84DFC8-A174-428A-A367-5DC6BE08265F}.Release|Any CPU.Build.0 = Release|Any CPU
		{A6F3EBA8-D981-4EE1-8A45-E5AFF3B2B44C}.Debug|Any CPU.ActiveCfg = Debug|Any CPU
		{A6F3EBA8-D981-4EE1-8A45-E5AFF3B2B44C}.Debug|Any CPU.Build.0 = Debug|Any CPU
		{A6F3EBA8-D981-4EE1-8A45-E5AFF3B2B44C}.Release|Any CPU.ActiveCfg = Release|Any CPU
		{A6F3EBA8-D981-4EE1-8A45-E5AFF3B2B44C}.Release|Any CPU.Build.0 = Release|Any CPU
		{21723913-C5AB-4553-95CB-1DCE64A90471}.Debug|Any CPU.ActiveCfg = Debug|Any CPU
		{21723913-C5AB-4553-95CB-1DCE64A90471}.Debug|Any CPU.Build.0 = Debug|Any CPU
		{21723913-C5AB-4553-95CB-1DCE64A90471}.Release|Any CPU.ActiveCfg = Release|Any CPU
		{21723913-C5AB-4553-95CB-1DCE64A90471}.Release|Any CPU.Build.0 = Release|Any CPU
	EndGlobalSection
	GlobalSection(SolutionProperties) = preSolution
		HideSolutionNode = FALSE
	EndGlobalSection
	GlobalSection(ExtensibilityGlobals) = postSolution
		SolutionGuid = {FA13C02E-90FB-4C00-AFE3-0BD227EBDB88}
	EndGlobalSection
EndGlobal
